
Microsoft Visual Studio Solution File, Format Version 12.00
# Visual Studio Version 17
VisualStudioVersion = 17.7.34031.279
MinimumVisualStudioVersion = 10.0.40219.1
Project("{FAE04EC0-301F-11D3-BF4B-00C04F79EFBC}") = "MvcProductStore", "MvcProductStore\MvcProductStore.csproj", "{6AAD364C-0336-4167-BCB6-D161CE22EFBC}"
EndProject
Project("{2150E333-8FDC-42A3-9474-1A3956D46DE8}") = "Solution Items", "Solution Items", "{F37BC34C-FADF-41AE-B163-4AFC9D689B7A}"
	ProjectSection(SolutionItems) = preProject
		.gitignore = .gitignore
		README.md = README.md
	EndProjectSection
EndProject
Global
	GlobalSection(SolutionConfigurationPlatforms) = preSolution
		Debug|Any CPU = Debug|Any CPU
		Release|Any CPU = Release|Any CPU
	EndGlobalSection
	GlobalSection(ProjectConfigurationPlatforms) = postSolution
		{6AAD364C-0336-4167-BCB6-D161CE22EFBC}.Debug|Any CPU.ActiveCfg = Debug|Any CPU
		{6AAD364C-0336-4167-BCB6-D161CE22EFBC}.Debug|Any CPU.Build.0 = Debug|Any CPU
		{6AAD364C-0336-4167-BCB6-D161CE22EFBC}.Release|Any CPU.ActiveCfg = Release|Any CPU
		{6AAD364C-0336-4167-BCB6-D161CE22EFBC}.Release|Any CPU.Build.0 = Release|Any CPU
	EndGlobalSection
	GlobalSection(SolutionProperties) = preSolution
		HideSolutionNode = FALSE
	EndGlobalSection
	GlobalSection(ExtensibilityGlobals) = postSolution
		SolutionGuid = {B417E7DC-00F2-4AC9-9820-92E239BBB9C8}
	EndGlobalSection
EndGlobal
